// !$*UTF8*$!
{
	archiveVersion = 1;
	classes = {
	};
	objectVersion = 46;
	objects = {

/* Begin PBXBuildFile section */
		EA1D7C981B23F09F00D54115 /* AppDelegate.swift in Sources */ = {isa = PBXBuildFile; fileRef = EA1D7C971B23F09F00D54115 /* AppDelegate.swift */; };
		EA1D7C9A1B23F09F00D54115 /* SimpleTableViewController.swift in Sources */ = {isa = PBXBuildFile; fileRef = EA1D7C991B23F09F00D54115 /* SimpleTableViewController.swift */; };
		EA1D7C9D1B23F09F00D54115 /* Main.storyboard in Resources */ = {isa = PBXBuildFile; fileRef = EA1D7C9B1B23F09F00D54115 /* Main.storyboard */; };
		EA1D7C9F1B23F09F00D54115 /* Images.xcassets in Resources */ = {isa = PBXBuildFile; fileRef = EA1D7C9E1B23F09F00D54115 /* Images.xcassets */; };
		EA1D7CA21B23F09F00D54115 /* LaunchScreen.xib in Resources */ = {isa = PBXBuildFile; fileRef = EA1D7CA01B23F09F00D54115 /* LaunchScreen.xib */; };
		EA1D7CAE1B23F09F00D54115 /* SimpleTableTests.swift in Sources */ = {isa = PBXBuildFile; fileRef = EA1D7CAD1B23F09F00D54115 /* SimpleTableTests.swift */; };
/* End PBXBuildFile section */

/* Begin PBXContainerItemProxy section */
		EA1D7CA81B23F09F00D54115 /* PBXContainerItemProxy */ = {
			isa = PBXContainerItemProxy;
			containerPortal = EA1D7C8A1B23F09F00D54115 /* Project object */;
			proxyType = 1;
			remoteGlobalIDString = EA1D7C911B23F09F00D54115;
			remoteInfo = SimpleTable;
		};
/* End PBXContainerItemProxy section */

/* Begin PBXFileReference section */
		EA1D7C921B23F09F00D54115 /* SimpleTable.app */ = {isa = PBXFileReference; explicitFileType = wrapper.application; includeInIndex = 0; path = SimpleTable.app; sourceTree = BUILT_PRODUCTS_DIR; };
		EA1D7C961B23F09F00D54115 /* Info.plist */ = {isa = PBXFileReference; lastKnownFileType = text.plist.xml; path = Info.plist; sourceTree = "<group>"; };
		EA1D7C971B23F09F00D54115 /* AppDelegate.swift */ = {isa = PBXFileReference; lastKnownFileType = sourcecode.swift; path = AppDelegate.swift; sourceTree = "<group>"; };
		EA1D7C991B23F09F00D54115 /* SimpleTableViewController.swift */ = {isa = PBXFileReference; lastKnownFileType = sourcecode.swift; path = SimpleTableViewController.swift; sourceTree = "<group>"; };
		EA1D7C9C1B23F09F00D54115 /* Base */ = {isa = PBXFileReference; lastKnownFileType = file.storyboard; name = Base; path = Base.lproj/Main.storyboard; sourceTree = "<group>"; };
		EA1D7C9E1B23F09F00D54115 /* Images.xcassets */ = {isa = PBXFileReference; lastKnownFileType = folder.assetcatalog; path = Images.xcassets; sourceTree = "<group>"; };
		EA1D7CA11B23F09F00D54115 /* Base */ = {isa = PBXFileReference; lastKnownFileType = file.xib; name = Base; path = Base.lproj/LaunchScreen.xib; sourceTree = "<group>"; };
		EA1D7CA71B23F09F00D54115 /* SimpleTableTests.xctest */ = {isa = PBXFileReference; explicitFileType = wrapper.cfbundle; includeInIndex = 0; path = SimpleTableTests.xctest; sourceTree = BUILT_PRODUCTS_DIR; };
		EA1D7CAC1B23F09F00D54115 /* Info.plist */ = {isa = PBXFileReference; lastKnownFileType = text.plist.xml; path = Info.plist; sourceTree = "<group>"; };
		EA1D7CAD1B23F09F00D54115 /* SimpleTableTests.swift */ = {isa = PBXFileReference; lastKnownFileType = sourcecode.swift; path = SimpleTableTests.swift; sourceTree = "<group>"; };
/* End PBXFileReference section */

/* Begin PBXFrameworksBuildPhase section */
		EA1D7C8F1B23F09F00D54115 /* Frameworks */ = {
			isa = PBXFrameworksBuildPhase;
			buildActionMask = 2147483647;
			files = (
			);
			runOnlyForDeploymentPostprocessing = 0;
		};
		EA1D7CA41B23F09F00D54115 /* Frameworks */ = {
			isa = PBXFrameworksBuildPhase;
			buildActionMask = 2147483647;
			files = (
			);
			runOnlyForDeploymentPostprocessing = 0;
		};
/* End PBXFrameworksBuildPhase section */

/* Begin PBXGroup section */
		EA1D7C891B23F09F00D54115 = {
			isa = PBXGroup;
			children = (
				EA1D7C941B23F09F00D54115 /* SimpleTable */,
				EA1D7CAA1B23F09F00D54115 /* SimpleTableTests */,
				EA1D7C931B23F09F00D54115 /* Products */,
			);
			sourceTree = "<group>";
		};
		EA1D7C931B23F09F00D54115 /* Products */ = {
			isa = PBXGroup;
			children = (
				EA1D7C921B23F09F00D54115 /* SimpleTable.app */,
				EA1D7CA71B23F09F00D54115 /* SimpleTableTests.xctest */,
			);
			name = Products;
			sourceTree = "<group>";
		};
		EA1D7C941B23F09F00D54115 /* SimpleTable */ = {
			isa = PBXGroup;
			children = (
				EA1D7C971B23F09F00D54115 /* AppDelegate.swift */,
				EA1D7C991B23F09F00D54115 /* SimpleTableViewController.swift */,
				EA1D7C9B1B23F09F00D54115 /* Main.storyboard */,
				EA1D7C9E1B23F09F00D54115 /* Images.xcassets */,
				EA1D7CA01B23F09F00D54115 /* LaunchScreen.xib */,
				EA1D7C951B23F09F00D54115 /* Supporting Files */,
			);
			path = SimpleTable;
			sourceTree = "<group>";
		};
		EA1D7C951B23F09F00D54115 /* Supporting Files */ = {
			isa = PBXGroup;
			children = (
				EA1D7C961B23F09F00D54115 /* Info.plist */,
			);
			name = "Supporting Files";
			sourceTree = "<group>";
		};
		EA1D7CAA1B23F09F00D54115 /* SimpleTableTests */ = {
			isa = PBXGroup;
			children = (
				EA1D7CAD1B23F09F00D54115 /* SimpleTableTests.swift */,
				EA1D7CAB1B23F09F00D54115 /* Supporting Files */,
			);
			path = SimpleTableTests;
			sourceTree = "<group>";
		};
		EA1D7CAB1B23F09F00D54115 /* Supporting Files */ = {
			isa = PBXGroup;
			children = (
				EA1D7CAC1B23F09F00D54115 /* Info.plist */,
			);
			name = "Supporting Files";
			sourceTree = "<group>";
		};
/* End PBXGroup section */

/* Begin PBXNativeTarget section */
		EA1D7C911B23F09F00D54115 /* SimpleTable */ = {
			isa = PBXNativeTarget;
			buildConfigurationList = EA1D7CB11B23F09F00D54115 /* Build configuration list for PBXNativeTarget "SimpleTable" */;
			buildPhases = (
				EA1D7C8E1B23F09F00D54115 /* Sources */,
				EA1D7C8F1B23F09F00D54115 /* Frameworks */,
				EA1D7C901B23F09F00D54115 /* Resources */,
			);
			buildRules = (
			);
			dependencies = (
			);
			name = SimpleTable;
			productName = SimpleTable;
			productReference = EA1D7C921B23F09F00D54115 /* SimpleTable.app */;
			productType = "com.apple.product-type.application";
		};
		EA1D7CA61B23F09F00D54115 /* SimpleTableTests */ = {
			isa = PBXNativeTarget;
			buildConfigurationList = EA1D7CB41B23F09F00D54115 /* Build configuration list for PBXNativeTarget "SimpleTableTests" */;
			buildPhases = (
				EA1D7CA31B23F09F00D54115 /* Sources */,
				EA1D7CA41B23F09F00D54115 /* Frameworks */,
				EA1D7CA51B23F09F00D54115 /* Resources */,
			);
			buildRules = (
			);
			dependencies = (
				EA1D7CA91B23F09F00D54115 /* PBXTargetDependency */,
			);
			name = SimpleTableTests;
			productName = SimpleTableTests;
			productReference = EA1D7CA71B23F09F00D54115 /* SimpleTableTests.xctest */;
			productType = "com.apple.product-type.bundle.unit-test";
		};
/* End PBXNativeTarget section */

/* Begin PBXProject section */
		EA1D7C8A1B23F09F00D54115 /* Project object */ = {
			isa = PBXProject;
			attributes = {
				LastUpgradeCheck = 0630;
				ORGANIZATIONNAME = "夜游";
				TargetAttributes = {
					EA1D7C911B23F09F00D54115 = {
						CreatedOnToolsVersion = 6.3.2;
					};
					EA1D7CA61B23F09F00D54115 = {
						CreatedOnToolsVersion = 6.3.2;
						TestTargetID = EA1D7C911B23F09F00D54115;
					};
				};
			};
			buildConfigurationList = EA1D7C8D1B23F09F00D54115 /* Build configuration list for PBXProject "SimpleTable" */;
			compatibilityVersion = "Xcode 3.2";
			developmentRegion = English;
			hasScannedForEncodings = 0;
			knownRegions = (
				en,
				Base,
			);
			mainGroup = EA1D7C891B23F09F00D54115;
			productRefGroup = EA1D7C931B23F09F00D54115 /* Products */;
			projectDirPath = "";
			projectRoot = "";
			targets = (
				EA1D7C911B23F09F00D54115 /* SimpleTable */,
				EA1D7CA61B23F09F00D54115 /* SimpleTableTests */,
			);
		};
/* End PBXProject section */

/* Begin PBXResourcesBuildPhase section */
		EA1D7C901B23F09F00D54115 /* Resources */ = {
			isa = PBXResourcesBuildPhase;
			buildActionMask = 2147483647;
			files = (
				EA1D7C9D1B23F09F00D54115 /* Main.storyboard in Resources */,
				EA1D7CA21B23F09F00D54115 /* LaunchScreen.xib in Resources */,
				EA1D7C9F1B23F09F00D54115 /* Images.xcassets in Resources */,
			);
			runOnlyForDeploymentPostprocessing = 0;
		};
		EA1D7CA51B23F09F00D54115 /* Resources */ = {
			isa = PBXResourcesBuildPhase;
			buildActionMask = 2147483647;
			files = (
			);
			runOnlyForDeploymentPostprocessing = 0;
		};
/* End PBXResourcesBuildPhase section */

/* Begin PBXSourcesBuildPhase section */
		EA1D7C8E1B23F09F00D54115 /* Sources */ = {
			isa = PBXSourcesBuildPhase;
			buildActionMask = 2147483647;
			files = (
				EA1D7C9A1B23F09F00D54115 /* SimpleTableViewController.swift in Sources */,
				EA1D7C981B23F09F00D54115 /* AppDelegate.swift in Sources */,
			);
			runOnlyForDeploymentPostprocessing = 0;
		};
		EA1D7CA31B23F09F00D54115 /* Sources */ = {
			isa = PBXSourcesBuildPhase;
			buildActionMask = 2147483647;
			files = (
				EA1D7CAE1B23F09F00D54115 /* SimpleTableTests.swift in Sources */,
			);
			runOnlyForDeploymentPostprocessing = 0;
		};
/* End PBXSourcesBuildPhase section */

/* Begin PBXTargetDependency section */
		EA1D7CA91B23F09F00D54115 /* PBXTargetDependency */ = {
			isa = PBXTargetDependency;
			target = EA1D7C911B23F09F00D54115 /* SimpleTable */;
			targetProxy = EA1D7CA81B23F09F00D54115 /* PBXContainerItemProxy */;
		};
/* End PBXTargetDependency section */

/* Begin PBXVariantGroup section */
		EA1D7C9B1B23F09F00D54115 /* Main.storyboard */ = {
			isa = PBXVariantGroup;
			children = (
				EA1D7C9C1B23F09F00D54115 /* Base */,
			);
			name = Main.storyboard;
			sourceTree = "<group>";
		};
		EA1D7CA01B23F09F00D54115 /* LaunchScreen.xib */ = {
			isa = PBXVariantGroup;
			children = (
				EA1D7CA11B23F09F00D54115 /* Base */,
			);
			name = LaunchScreen.xib;
			sourceTree = "<group>";
		};
/* End PBXVariantGroup section */

/* Begin XCBuildConfiguration section */
		EA1D7CAF1B23F09F00D54115 /* Debug */ = {
			isa = XCBuildConfiguration;
			buildSettings = {
				ALWAYS_SEARCH_USER_PATHS = NO;
				CLANG_CXX_LANGUAGE_STANDARD = "gnu++0x";
				CLANG_CXX_LIBRARY = "libc++";
				CLANG_ENABLE_MODULES = YES;
				CLANG_ENABLE_OBJC_ARC = YES;
				CLANG_WARN_BOOL_CONVERSION = YES;
				CLANG_WARN_CONSTANT_CONVERSION = YES;
				CLANG_WARN_DIRECT_OBJC_ISA_USAGE = YES_ERROR;
				CLANG_WARN_EMPTY_BODY = YES;
				CLANG_WARN_ENUM_CONVERSION = YES;
				CLANG_WARN_INT_CONVERSION = YES;
				CLANG_WARN_OBJC_ROOT_CLASS = YES_ERROR;
				CLANG_WARN_UNREACHABLE_CODE = YES;
				CLANG_WARN__DUPLICATE_METHOD_MATCH = YES;
				"CODE_SIGN_IDENTITY[sdk=iphoneos*]" = "iPhone Developer";
				COPY_PHASE_STRIP = NO;
				DEBUG_INFORMATION_FORMAT = "dwarf-with-dsym";
				ENABLE_STRICT_OBJC_MSGSEND = YES;
				GCC_C_LANGUAGE_STANDARD = gnu99;
				GCC_DYNAMIC_NO_PIC = NO;
				GCC_NO_COMMON_BLOCKS = YES;
				GCC_OPTIMIZATION_LEVEL = 0;
				GCC_PREPROCESSOR_DEFINITIONS = (
					"DEBUG=1",
					"$(inherited)",
				);
				GCC_SYMBOLS_PRIVATE_EXTERN = NO;
				GCC_WARN_64_TO_32_BIT_CONVERSION = YES;
				GCC_WARN_ABOUT_RETURN_TYPE = YES_ERROR;
				GCC_WARN_UNDECLARED_SELECTOR = YES;
				GCC_WARN_UNINITIALIZED_AUTOS = YES_AGGRESSIVE;
				GCC_WARN_UNUSED_FUNCTION = YES;
				GCC_WARN_UNUSED_VARIABLE = YES;
				IPHONEOS_DEPLOYMENT_TARGET = 8.3;
				MTL_ENABLE_DEBUG_INFO = YES;
				ONLY_ACTIVE_ARCH = YES;
				SDKROOT = iphoneos;
				SWIFT_OPTIMIZATION_LEVEL = "-Onone";
				TARGETED_DEVICE_FAMILY = "1,2";
			};
			name = Debug;
		};
		EA1D7CB01B23F09F00D54115 /* Release */ = {
			isa = XCBuildConfiguration;
			buildSettings = {
				ALWAYS_SEARCH_USER_PATHS = NO;
				CLANG_CXX_LANGUAGE_STANDARD = "gnu++0x";
				CLANG_CXX_LIBRARY = "libc++";
				CLANG_ENABLE_MODULES = YES;
				CLANG_ENABLE_OBJC_ARC = YES;
				CLANG_WARN_BOOL_CONVERSION = YES;
				CLANG_WARN_CONSTANT_CONVERSION = YES;
				CLANG_WARN_DIRECT_OBJC_ISA_USAGE = YES_ERROR;
				CLANG_WARN_EMPTY_BODY = YES;
				CLANG_WARN_ENUM_CONVERSION = YES;
				CLANG_WARN_INT_CONVERSION = YES;
				CLANG_WARN_OBJC_ROOT_CLASS = YES_ERROR;
				CLANG_WARN_UNREACHABLE_CODE = YES;
				CLANG_WARN__DUPLICATE_METHOD_MATCH = YES;
				"CODE_SIGN_IDENTITY[sdk=iphoneos*]" = "iPhone Developer";
				COPY_PHASE_STRIP = NO;
				DEBUG_INFORMATION_FORMAT = "dwarf-with-dsym";
				ENABLE_NS_ASSERTIONS = NO;
				ENABLE_STRICT_OBJC_MSGSEND = YES;
				GCC_C_LANGUAGE_STANDARD = gnu99;
				GCC_NO_COMMON_BLOCKS = YES;
				GCC_WARN_64_TO_32_BIT_CONVERSION = YES;
				GCC_WARN_ABOUT_RETURN_TYPE = YES_ERROR;
				GCC_WARN_UNDECLARED_SELECTOR = YES;
				GCC_WARN_UNINITIALIZED_AUTOS = YES_AGGRESSIVE;
				GCC_WARN_UNUSED_FUNCTION = YES;
				GCC_WARN_UNUSED_VARIABLE = YES;
				IPHONEOS_DEPLOYMENT_TARGET = 8.3;
				MTL_ENABLE_DEBUG_INFO = NO;
				SDKROOT = iphoneos;
				TARGETED_DEVICE_FAMILY = "1,2";
				VALIDATE_PRODUCT = YES;
			};
			name = Release;
		};
		EA1D7CB21B23F09F00D54115 /* Debug */ = {
			isa = XCBuildConfiguration;
			buildSettings = {
				ASSETCATALOG_COMPILER_APPICON_NAME = AppIcon;
				INFOPLIST_FILE = SimpleTable/Info.plist;
				LD_RUNPATH_SEARCH_PATHS = "$(inherited) @executable_path/Frameworks";
				PRODUCT_NAME = "$(TARGET_NAME)";
			};
			name = Debug;
		};
		EA1D7CB31B23F09F00D54115 /* Release */ = {
			isa = XCBuildConfiguration;
			buildSettings = {
				ASSETCATALOG_COMPILER_APPICON_NAME = AppIcon;
				INFOPLIST_FILE = SimpleTable/Info.plist;
				LD_RUNPATH_SEARCH_PATHS = "$(inherited) @executable_path/Frameworks";
				PRODUCT_NAME = "$(TARGET_NAME)";
			};
			name = Release;
		};
		EA1D7CB51B23F09F00D54115 /* Debug */ = {
			isa = XCBuildConfiguration;
			buildSettings = {
				BUNDLE_LOADER = "$(TEST_HOST)";
				FRAMEWORK_SEARCH_PATHS = (
					"$(SDKROOT)/Developer/Library/Frameworks",
					"$(inherited)",
				);
				GCC_PREPROCESSOR_DEFINITIONS = (
					"DEBUG=1",
					"$(inherited)",
				);
				INFOPLIST_FILE = SimpleTableTests/Info.plist;
				LD_RUNPATH_SEARCH_PATHS = "$(inherited) @executable_path/Frameworks @loader_path/Frameworks";
				PRODUCT_NAME = "$(TARGET_NAME)";
				TEST_HOST = "$(BUILT_PRODUCTS_DIR)/SimpleTable.app/SimpleTable";
			};
			name = Debug;
		};
		EA1D7CB61B23F09F00D54115 /* Release */ = {
			isa = XCBuildConfiguration;
			buildSettings = {
				BUNDLE_LOADER = "$(TEST_HOST)";
				FRAMEWORK_SEARCH_PATHS = (
					"$(SDKROOT)/Developer/Library/Frameworks",
					"$(inherited)",
				);
				INFOPLIST_FILE = SimpleTableTests/Info.plist;
				LD_RUNPATH_SEARCH_PATHS = "$(inherited) @executable_path/Frameworks @loader_path/Frameworks";
				PRODUCT_NAME = "$(TARGET_NAME)";
				TEST_HOST = "$(BUILT_PRODUCTS_DIR)/SimpleTable.app/SimpleTable";
			};
			name = Release;
		};
/* End XCBuildConfiguration section */

/* Begin XCConfigurationList section */
		EA1D7C8D1B23F09F00D54115 /* Build configuration list for PBXProject "SimpleTable" */ = {
			isa = XCConfigurationList;
			buildConfigurations = (
				EA1D7CAF1B23F09F00D54115 /* Debug */,
				EA1D7CB01B23F09F00D54115 /* Release */,
			);
			defaultConfigurationIsVisible = 0;
			defaultConfigurationName = Release;
		};
		EA1D7CB11B23F09F00D54115 /* Build configuration list for PBXNativeTarget "SimpleTable" */ = {
			isa = XCConfigurationList;
			buildConfigurations = (
				EA1D7CB21B23F09F00D54115 /* Debug */,
				EA1D7CB31B23F09F00D54115 /* Release */,
			);
			defaultConfigurationIsVisible = 0;
		};
		EA1D7CB41B23F09F00D54115 /* Build configuration list for PBXNativeTarget "SimpleTableTests" */ = {
			isa = XCConfigurationList;
			buildConfigurations = (
				EA1D7CB51B23F09F00D54115 /* Debug */,
				EA1D7CB61B23F09F00D54115 /* Release */,
			);
			defaultConfigurationIsVisible = 0;
		};
/* End XCConfigurationList section */
	};
	rootObject = EA1D7C8A1B23F09F00D54115 /* Project object */;
}
